
Microsoft Visual Studio Solution File, Format Version 12.00
# Visual Studio Version 17
VisualStudioVersion = 17.0.31903.59
MinimumVisualStudioVersion = 10.0.40219.1
Project("{2150E333-8FDC-42A3-9474-1A3956D46DE8}") = "src", "src", "{F90F5F7B-96D1-43E1-A50A-02596E70DDE2}"
EndProject
Project("{FAE04EC0-301F-11D3-BF4B-00C04F79EFBC}") = "AuctionService", "src\AuctionService\AuctionService.csproj", "{7C2DF926-B529-405F-896D-8C92D5C61A28}"
EndProject
Project("{FAE04EC0-301F-11D3-BF4B-00C04F79EFBC}") = "SearchService", "src\SearchService\SearchService.csproj", "{A32F7F7D-C82B-4720-A315-01B833000DDD}"
EndProject
Global
	GlobalSection(SolutionConfigurationPlatforms) = preSolution
		Debug|Any CPU = Debug|Any CPU
		Release|Any CPU = Release|Any CPU
	EndGlobalSection
	GlobalSection(SolutionProperties) = preSolution
		HideSolutionNode = FALSE
	EndGlobalSection
	GlobalSection(ProjectConfigurationPlatforms) = postSolution
		{7C2DF926-B529-405F-896D-8C92D5C61A28}.Debug|Any CPU.ActiveCfg = Debug|Any CPU
		{7C2DF926-B529-405F-896D-8C92D5C61A28}.Debug|Any CPU.Build.0 = Debug|Any CPU
		{7C2DF926-B529-405F-896D-8C92D5C61A28}.Release|Any CPU.ActiveCfg = Release|Any CPU
		{7C2DF926-B529-405F-896D-8C92D5C61A28}.Release|Any CPU.Build.0 = Release|Any CPU
		{A32F7F7D-C82B-4720-A315-01B833000DDD}.Debug|Any CPU.ActiveCfg = Debug|Any CPU
		{A32F7F7D-C82B-4720-A315-01B833000DDD}.Debug|Any CPU.Build.0 = Debug|Any CPU
		{A32F7F7D-C82B-4720-A315-01B833000DDD}.Release|Any CPU.ActiveCfg = Release|Any CPU
		{A32F7F7D-C82B-4720-A315-01B833000DDD}.Release|Any CPU.Build.0 = Release|Any CPU
	EndGlobalSection
	GlobalSection(NestedProjects) = preSolution
		{7C2DF926-B529-405F-896D-8C92D5C61A28} = {F90F5F7B-96D1-43E1-A50A-02596E70DDE2}
		{A32F7F7D-C82B-4720-A315-01B833000DDD} = {F90F5F7B-96D1-43E1-A50A-02596E70DDE2}
	EndGlobalSection
EndGlobal
